// !$*UTF8*$!
{
	archiveVersion = 1;
	classes = {
	};
	objectVersion = 46;
	objects = {

/* Begin PBXAggregateTarget section */
		B090D59C501C91F56C087017 /* pointilistictextures - All */ = {
			isa = PBXAggregateTarget;
			buildConfigurationList = FE89C4FC6DC569D0AD96EF05;
			buildPhases = (
			);
			dependencies = (
				834FE4D23CED47BF85755404,
				5D6C5AD9E971AAA6A1AE1A49,
			);
			name = "pointilistictextures - All";
			productName = pointilistictextures;
		};
/* End PBXAggregateTarget section */

/* Begin PBXBuildFile section */
		0461D57F7CB5939C5A52F5DB /* CoreMIDI.framework */ = {isa = PBXBuildFile; fileRef = 89D03F253531A54426587081; };
		072A9F547A637D427093246D /* include_juce_audio_basics.mm */ = {isa = PBXBuildFile; fileRef = 69C476ED2E2BD1E6468C0618; };
		09EB65DD5BA25580EE90787F /* AudioToolbox.framework */ = {isa = PBXBuildFile; fileRef = E88BB2DFE3F910F4BE3A6D22; };
		14A0703B703D003075CBDE37 /* AUv3 AppExtension */ = {isa = PBXBuildFile; fileRef = 906FBF4EA1B2EE1C0255E13B; };
		255B296B86AC690A6C4A08BD /* include_juce_audio_processors_lv2_libs.cpp */ = {isa = PBXBuildFile; fileRef = 79B1C31C2FA4072818832F78; };
		2DA5EC78A3EC75EA8F7CE1F6 /* Accelerate.framework */ = {isa = PBXBuildFile; fileRef = 4000D9A9A2D5AB0D869AD193; };
		3C59558C13448F30A930F9ED /* CoreImage.framework */ = {isa = PBXBuildFile; fileRef = 69D5D3F6ADD7DB2CD2CBAE73; };
		43BD404E567EC34D95AAF93A /* include_juce_events.mm */ = {isa = PBXBuildFile; fileRef = 23D7B55359FC6D25B3157E0D; };
		451B5CA6EF0C18048DD7938D /* include_juce_audio_processors.mm */ = {isa = PBXBuildFile; fileRef = A3CE0A28643100D57A4D8223; };
		5224932CEECE0D816F1FB748 /* MainComponent.cpp */ = {isa = PBXBuildFile; fileRef = 3BAF8A0FB028E82B87EBAE91; };
		55166F1C21B4B84E4E775E56 /* CoreGraphics.framework */ = {isa = PBXBuildFile; fileRef = 0BD4543CFEEC144109C01A65; };
		5F535C1DD78D4C1B9E29C4DC /* include_juce_graphics_Harfbuzz.cpp */ = {isa = PBXBuildFile; fileRef = E668D01B3A969EC96E7BA938; };
		64043C63BBFCFAA3772C050D /* CoreAudioKit.framework */ = {isa = PBXBuildFile; fileRef = C6FE1628720391201A9EE0F7; };
		686624366EB790EB23A70316 /* Metal.framework */ = {isa = PBXBuildFile; fileRef = 338165EE89059BC1482B9147; settings = { ATTRIBUTES = (Weak, ); }; };
		6887363C65C2B4863E509223 /* include_juce_audio_devices.mm */ = {isa = PBXBuildFile; fileRef = 90A3F42860D48487FA30B1A9; };
		68989587F9D6366D65F70689 /* include_juce_core.mm */ = {isa = PBXBuildFile; fileRef = 2A66686CE9118D7CC3CD0E5A; };
		739647EFDFEEF878062E2617 /* CoreServices.framework */ = {isa = PBXBuildFile; fileRef = C51B6009199C52E8AB679D5E; };
		7E73BE4D473D3DFA303D381E /* Foundation.framework */ = {isa = PBXBuildFile; fileRef = D7F66079C79ECCE8D43250F0; };
		8928DE4CC436639A331FD33C /* UserNotifications.framework */ = {isa = PBXBuildFile; fileRef = 276832549228803745D26E82; settings = { ATTRIBUTES = (Weak, ); }; };
		8CD5E76744A781E30DFB48F9 /* Images.xcassets */ = {isa = PBXBuildFile; fileRef = 0A893BD36D4849A4A455BAC3; };
		9257A634D2A9E4982FFC90B7 /* Main.cpp */ = {isa = PBXBuildFile; fileRef = 36704AEFBEDD9D2B8581D610; };
		95515FDAD00174A527970653 /* include_juce_graphics_Sheenbidi.c */ = {isa = PBXBuildFile; fileRef = 0EB1DF2BB254DFD953213B3A; };
		A5C80C1454710C0EDB33F74C /* include_juce_data_structures.mm */ = {isa = PBXBuildFile; fileRef = 16D4E7137F95F6255623C17B; };
		AF483CDC62BFE76522496E4F /* include_juce_gui_basics.mm */ = {isa = PBXBuildFile; fileRef = 25307ED7DD7F9AB06F9AEFA5; };
		B4925C6FDA879FF9E6905180 /* LaunchScreen.storyboard */ = {isa = PBXBuildFile; fileRef = 2AF1FC77082B0052350A9FA6; };
		B7A0817B71353846E8BAB486 /* include_juce_audio_processors_ara.cpp */ = {isa = PBXBuildFile; fileRef = 4F1DEDBAC4A022EC5E8A97CE; };
		B948A4F632C4C60EF0C85388 /* QuartzCore.framework */ = {isa = PBXBuildFile; fileRef = E1DD331726F01CD22EF394DA; };
		BD6C57A678B8C344F416464F /* include_juce_core_CompilationTime.cpp */ = {isa = PBXBuildFile; fileRef = DF41BC8F84C88F06C741F592; };
		BDFE9DA4A583BAF0B69CA034 /* Shared Code */ = {isa = PBXBuildFile; fileRef = 25804A8872ECD9E04A014615; };
		C973ECF4D0668C9E67157F46 /* UIKit.framework */ = {isa = PBXBuildFile; fileRef = 2C9BBBA48F1695B18316FABF; };
		CE667477DE46082D0A060A4E /* include_juce_audio_utils.mm */ = {isa = PBXBuildFile; fileRef = 2F62B50AB5A8541563E62D22; };
		D1D3769928FB6461AA3D563C /* include_juce_gui_extra.mm */ = {isa = PBXBuildFile; fileRef = C098CCB964455B06130F614F; };
		D35082C95FE50B602D24ED3E /* CoreAudio.framework */ = {isa = PBXBuildFile; fileRef = 15BD5DA05802C95B81852893; };
		DA4ED2847FDF302A58622454 /* include_juce_audio_formats.mm */ = {isa = PBXBuildFile; fileRef = B74CE1A611C21138BE72A247; };
		DFA0743E2518D7AC44CBAB65 /* UniformTypeIdentifiers.framework */ = {isa = PBXBuildFile; fileRef = 4F09A615748A4F33B0F80904; settings = { ATTRIBUTES = (Weak, ); }; };
		E463071D90C9B3445901B493 /* CoreText.framework */ = {isa = PBXBuildFile; fileRef = 51FF62DAA43B54F1D69B5A96; };
		EC2FFE225D8D061D2AF9E5BB /* MetalKit.framework */ = {isa = PBXBuildFile; fileRef = 8991EBBA311683890024967C; settings = { ATTRIBUTES = (Weak, ); }; };
		EE12F44A1C6C25AB2E09FDE5 /* include_juce_graphics.mm */ = {isa = PBXBuildFile; fileRef = 099D3C97DA0033B245A8C98F; };
		F6E6AF329A6F56120FA49BBD /* WebKit.framework */ = {isa = PBXBuildFile; fileRef = AAE4275AA69CF0D4E98103EA; };
		FAC5D5EC34303C1B82034AF2 /* AVFoundation.framework */ = {isa = PBXBuildFile; fileRef = B7B043C73DE032CFFC75DEEF; };
/* End PBXBuildFile section */

/* Begin PBXFileReference section */
		099D3C97DA0033B245A8C98F /* include_juce_graphics.mm */ /* include_juce_graphics.mm */ = {isa = PBXFileReference; lastKnownFileType = sourcecode.cpp.objcpp; name = include_juce_graphics.mm; path = ../../JuceLibraryCode/include_juce_graphics.mm; sourceTree = SOURCE_ROOT; };
		0A893BD36D4849A4A455BAC3 /* Images.xcassets */ /* Images.xcassets */ = {isa = PBXFileReference; lastKnownFileType = folder.assetcatalog; name = Images.xcassets; path = pointilistictextures/Images.xcassets; sourceTree = SOURCE_ROOT; };
		0BD4543CFEEC144109C01A65 /* CoreGraphics.framework */ /* CoreGraphics.framework */ = {isa = PBXFileReference; lastKnownFileType = wrapper.framework; name = CoreGraphics.framework; path = System/Library/Frameworks/CoreGraphics.framework; sourceTree = SDKROOT; };
		0EB1DF2BB254DFD953213B3A /* include_juce_graphics_Sheenbidi.c */ /* include_juce_graphics_Sheenbidi.c */ = {isa = PBXFileReference; lastKnownFileType = sourcecode.c.c; name = include_juce_graphics_Sheenbidi.c; path = ../../JuceLibraryCode/include_juce_graphics_Sheenbidi.c; sourceTree = SOURCE_ROOT; };
		15BD5DA05802C95B81852893 /* CoreAudio.framework */ /* CoreAudio.framework */ = {isa = PBXFileReference; lastKnownFileType = wrapper.framework; name = CoreAudio.framework; path = System/Library/Frameworks/CoreAudio.framework; sourceTree = SDKROOT; };
		16D4E7137F95F6255623C17B /* include_juce_data_structures.mm */ /* include_juce_data_structures.mm */ = {isa = PBXFileReference; lastKnownFileType = sourcecode.cpp.objcpp; name = include_juce_data_structures.mm; path = ../../JuceLibraryCode/include_juce_data_structures.mm; sourceTree = SOURCE_ROOT; };
		1B602DF1671D08B2C3B95214 /* juce_events */ /* juce_events */ = {isa = PBXFileReference; lastKnownFileType = folder; name = juce_events; path = ../../../../../../JUCE/modules/juce_events; sourceTree = SOURCE_ROOT; };
		1E264A110BAD8574FB8D392D /* MainComponent.h */ /* MainComponent.h */ = {isa = PBXFileReference; lastKnownFileType = sourcecode.c.h; name = MainComponent.h; path = ../../Source/MainComponent.h; sourceTree = SOURCE_ROOT; };
		1EDABE99FF4C543EB7486074 /* juce_graphics */ /* juce_graphics */ = {isa = PBXFileReference; lastKnownFileType = folder; name = juce_graphics; path = ../../../../../../JUCE/modules/juce_graphics; sourceTree = SOURCE_ROOT; };
		23D7B55359FC6D25B3157E0D /* include_juce_events.mm */ /* include_juce_events.mm */ = {isa = PBXFileReference; lastKnownFileType = sourcecode.cpp.objcpp; name = include_juce_events.mm; path = ../../JuceLibraryCode/include_juce_events.mm; sourceTree = SOURCE_ROOT; };
		25307ED7DD7F9AB06F9AEFA5 /* include_juce_gui_basics.mm */ /* include_juce_gui_basics.mm */ = {isa = PBXFileReference; lastKnownFileType = sourcecode.cpp.objcpp; name = include_juce_gui_basics.mm; path = ../../JuceLibraryCode/include_juce_gui_basics.mm; sourceTree = SOURCE_ROOT; };
		25804A8872ECD9E04A014615 /* Shared Code */ = {isa = PBXFileReference; explicitFileType = archive.ar; includeInIndex = 0; path = libpointilistictextures.a; sourceTree = BUILT_PRODUCTS_DIR; };
		276832549228803745D26E82 /* UserNotifications.framework */ /* UserNotifications.framework */ = {isa = PBXFileReference; lastKnownFileType = wrapper.framework; name = UserNotifications.framework; path = System/Library/Frameworks/UserNotifications.framework; sourceTree = SDKROOT; };
		2A66686CE9118D7CC3CD0E5A /* include_juce_core.mm */ /* include_juce_core.mm */ = {isa = PBXFileReference; lastKnownFileType = sourcecode.cpp.objcpp; name = include_juce_core.mm; path = ../../JuceLibraryCode/include_juce_core.mm; sourceTree = SOURCE_ROOT; };
		2AF1FC77082B0052350A9FA6 /* LaunchScreen.storyboard */ /* LaunchScreen.storyboard */ = {isa = PBXFileReference; lastKnownFileType = file.storyboard; name = LaunchScreen.storyboard; path = LaunchScreen.storyboard; sourceTree = SOURCE_ROOT; };
		2C9BBBA48F1695B18316FABF /* UIKit.framework */ /* UIKit.framework */ = {isa = PBXFileReference; lastKnownFileType = wrapper.framework; name = UIKit.framework; path = System/Library/Frameworks/UIKit.framework; sourceTree = SDKROOT; };
		2F62B50AB5A8541563E62D22 /* include_juce_audio_utils.mm */ /* include_juce_audio_utils.mm */ = {isa = PBXFileReference; lastKnownFileType = sourcecode.cpp.objcpp; name = include_juce_audio_utils.mm; path = ../../JuceLibraryCode/include_juce_audio_utils.mm; sourceTree = SOURCE_ROOT; };
		338165EE89059BC1482B9147 /* Metal.framework */ /* Metal.framework */ = {isa = PBXFileReference; lastKnownFileType = wrapper.framework; name = Metal.framework; path = System/Library/Frameworks/Metal.framework; sourceTree = SDKROOT; };
		36704AEFBEDD9D2B8581D610 /* Main.cpp */ /* Main.cpp */ = {isa = PBXFileReference; lastKnownFileType = sourcecode.cpp.cpp; name = Main.cpp; path = ../../Source/Main.cpp; sourceTree = SOURCE_ROOT; };
		3BAF8A0FB028E82B87EBAE91 /* MainComponent.cpp */ /* MainComponent.cpp */ = {isa = PBXFileReference; lastKnownFileType = sourcecode.cpp.cpp; name = MainComponent.cpp; path = ../../Source/MainComponent.cpp; sourceTree = SOURCE_ROOT; };
		4000D9A9A2D5AB0D869AD193 /* Accelerate.framework */ /* Accelerate.framework */ = {isa = PBXFileReference; lastKnownFileType = wrapper.framework; name = Accelerate.framework; path = System/Library/Frameworks/Accelerate.framework; sourceTree = SDKROOT; };
		4F09A615748A4F33B0F80904 /* UniformTypeIdentifiers.framework */ /* UniformTypeIdentifiers.framework */ = {isa = PBXFileReference; lastKnownFileType = wrapper.framework; name = UniformTypeIdentifiers.framework; path = System/Library/Frameworks/UniformTypeIdentifiers.framework; sourceTree = SDKROOT; };
		4F1DEDBAC4A022EC5E8A97CE /* include_juce_audio_processors_ara.cpp */ /* include_juce_audio_processors_ara.cpp */ = {isa = PBXFileReference; lastKnownFileType = sourcecode.cpp.cpp; name = include_juce_audio_processors_ara.cpp; path = ../../JuceLibraryCode/include_juce_audio_processors_ara.cpp; sourceTree = SOURCE_ROOT; };
		51FF62DAA43B54F1D69B5A96 /* CoreText.framework */ /* CoreText.framework */ = {isa = PBXFileReference; lastKnownFileType = wrapper.framework; name = CoreText.framework; path = System/Library/Frameworks/CoreText.framework; sourceTree = SDKROOT; };
		5655086B9CF64E0E63167393 /* juce_audio_devices */ /* juce_audio_devices */ = {isa = PBXFileReference; lastKnownFileType = folder; name = juce_audio_devices; path = ../../../../../../JUCE/modules/juce_audio_devices; sourceTree = SOURCE_ROOT; };
		68B1A90D4AFBD9DC40D4786A /* juce_audio_processors */ /* juce_audio_processors */ = {isa = PBXFileReference; lastKnownFileType = folder; name = juce_audio_processors; path = ../../../../../../JUCE/modules/juce_audio_processors; sourceTree = SOURCE_ROOT; };
		69C476ED2E2BD1E6468C0618 /* include_juce_audio_basics.mm */ /* include_juce_audio_basics.mm */ = {isa = PBXFileReference; lastKnownFileType = sourcecode.cpp.objcpp; name = include_juce_audio_basics.mm; path = ../../JuceLibraryCode/include_juce_audio_basics.mm; sourceTree = SOURCE_ROOT; };
		69D5D3F6ADD7DB2CD2CBAE73 /* CoreImage.framework */ /* CoreImage.framework */ = {isa = PBXFileReference; lastKnownFileType = wrapper.framework; name = CoreImage.framework; path = System/Library/Frameworks/CoreImage.framework; sourceTree = SDKROOT; };
		6AF32DAF6E17CBCB63A1B547 /* JuceHeader.h */ /* JuceHeader.h */ = {isa = PBXFileReference; lastKnownFileType = sourcecode.c.h; name = JuceHeader.h; path = ../../JuceLibraryCode/JuceHeader.h; sourceTree = SOURCE_ROOT; };
		79B1C31C2FA4072818832F78 /* include_juce_audio_processors_lv2_libs.cpp */ /* include_juce_audio_processors_lv2_libs.cpp */ = {isa = PBXFileReference; lastKnownFileType = sourcecode.cpp.cpp; name = include_juce_audio_processors_lv2_libs.cpp; path = ../../JuceLibraryCode/include_juce_audio_processors_lv2_libs.cpp; sourceTree = SOURCE_ROOT; };
		88166BBC0A0552350FF3104D /* juce_audio_formats */ /* juce_audio_formats */ = {isa = PBXFileReference; lastKnownFileType = folder; name = juce_audio_formats; path = ../../../../../../JUCE/modules/juce_audio_formats; sourceTree = SOURCE_ROOT; };
		8991EBBA311683890024967C /* MetalKit.framework */ /* MetalKit.framework */ = {isa = PBXFileReference; lastKnownFileType = wrapper.framework; name = MetalKit.framework; path = System/Library/Frameworks/MetalKit.framework; sourceTree = SDKROOT; };
		89D03F253531A54426587081 /* CoreMIDI.framework */ /* CoreMIDI.framework */ = {isa = PBXFileReference; lastKnownFileType = wrapper.framework; name = CoreMIDI.framework; path = System/Library/Frameworks/CoreMIDI.framework; sourceTree = SDKROOT; };
		906FBF4EA1B2EE1C0255E13B /* AUv3 AppExtension */ = {isa = PBXFileReference; explicitFileType = "wrapper.app-extension"; includeInIndex = 0; path = pointilistictextures.appex; sourceTree = BUILT_PRODUCTS_DIR; };
		90A3F42860D48487FA30B1A9 /* include_juce_audio_devices.mm */ /* include_juce_audio_devices.mm */ = {isa = PBXFileReference; lastKnownFileType = sourcecode.cpp.objcpp; name = include_juce_audio_devices.mm; path = ../../JuceLibraryCode/include_juce_audio_devices.mm; sourceTree = SOURCE_ROOT; };
		9932870B0F89DD8620D9875C /* AUv3_AppExtension.entitlements */ /* AUv3_AppExtension.entitlements */ = {isa = PBXFileReference; lastKnownFileType = text.plist.xml; name = AUv3_AppExtension.entitlements; path = AUv3_AppExtension.entitlements; sourceTree = SOURCE_ROOT; };
		9F559D1D5A40D6DD04F59FBD /* JucePluginDefines.h */ /* JucePluginDefines.h */ = {isa = PBXFileReference; lastKnownFileType = sourcecode.c.h; name = JucePluginDefines.h; path = ../../JuceLibraryCode/JucePluginDefines.h; sourceTree = SOURCE_ROOT; };
		A3CE0A28643100D57A4D8223 /* include_juce_audio_processors.mm */ /* include_juce_audio_processors.mm */ = {isa = PBXFileReference; lastKnownFileType = sourcecode.cpp.objcpp; name = include_juce_audio_processors.mm; path = ../../JuceLibraryCode/include_juce_audio_processors.mm; sourceTree = SOURCE_ROOT; };
		A4AECC0AB0B8BA64766F4C5D /* juce_gui_extra */ /* juce_gui_extra */ = {isa = PBXFileReference; lastKnownFileType = folder; name = juce_gui_extra; path = ../../../../../../JUCE/modules/juce_gui_extra; sourceTree = SOURCE_ROOT; };
		A87FEAF6EE9AFE31AA736679 /* juce_audio_utils */ /* juce_audio_utils */ = {isa = PBXFileReference; lastKnownFileType = folder; name = juce_audio_utils; path = ../../../../../../JUCE/modules/juce_audio_utils; sourceTree = SOURCE_ROOT; };
		AAE4275AA69CF0D4E98103EA /* WebKit.framework */ /* WebKit.framework */ = {isa = PBXFileReference; lastKnownFileType = wrapper.framework; name = WebKit.framework; path = System/Library/Frameworks/WebKit.framework; sourceTree = SDKROOT; };
		B74CE1A611C21138BE72A247 /* include_juce_audio_formats.mm */ /* include_juce_audio_formats.mm */ = {isa = PBXFileReference; lastKnownFileType = sourcecode.cpp.objcpp; name = include_juce_audio_formats.mm; path = ../../JuceLibraryCode/include_juce_audio_formats.mm; sourceTree = SOURCE_ROOT; };
		B7B043C73DE032CFFC75DEEF /* AVFoundation.framework */ /* AVFoundation.framework */ = {isa = PBXFileReference; lastKnownFileType = wrapper.framework; name = AVFoundation.framework; path = System/Library/Frameworks/AVFoundation.framework; sourceTree = SDKROOT; };
		C098CCB964455B06130F614F /* include_juce_gui_extra.mm */ /* include_juce_gui_extra.mm */ = {isa = PBXFileReference; lastKnownFileType = sourcecode.cpp.objcpp; name = include_juce_gui_extra.mm; path = ../../JuceLibraryCode/include_juce_gui_extra.mm; sourceTree = SOURCE_ROOT; };
		C51B6009199C52E8AB679D5E /* CoreServices.framework */ /* CoreServices.framework */ = {isa = PBXFileReference; lastKnownFileType = wrapper.framework; name = CoreServices.framework; path = System/Library/Frameworks/CoreServices.framework; sourceTree = SDKROOT; };
		C69562F826BF7E23D689FA1E /* juce_data_structures */ /* juce_data_structures */ = {isa = PBXFileReference; lastKnownFileType = folder; name = juce_data_structures; path = ../../../../../../JUCE/modules/juce_data_structures; sourceTree = SOURCE_ROOT; };
		C6FE1628720391201A9EE0F7 /* CoreAudioKit.framework */ /* CoreAudioKit.framework */ = {isa = PBXFileReference; lastKnownFileType = wrapper.framework; name = CoreAudioKit.framework; path = System/Library/Frameworks/CoreAudioKit.framework; sourceTree = SDKROOT; };
		D4F9AF7A691DFA5B20955CCE /* juce_gui_basics */ /* juce_gui_basics */ = {isa = PBXFileReference; lastKnownFileType = folder; name = juce_gui_basics; path = ../../../../../../JUCE/modules/juce_gui_basics; sourceTree = SOURCE_ROOT; };
		D7F66079C79ECCE8D43250F0 /* Foundation.framework */ /* Foundation.framework */ = {isa = PBXFileReference; lastKnownFileType = wrapper.framework; name = Foundation.framework; path = System/Library/Frameworks/Foundation.framework; sourceTree = SDKROOT; };
		DECE600E41B4C12EBA3B39AE /* Info-AUv3_AppExtension.plist */ /* Info-AUv3_AppExtension.plist */ = {isa = PBXFileReference; lastKnownFileType = text.plist.xml; name = "Info-AUv3_AppExtension.plist"; path = "Info-AUv3_AppExtension.plist"; sourceTree = SOURCE_ROOT; };
		DF41BC8F84C88F06C741F592 /* include_juce_core_CompilationTime.cpp */ /* include_juce_core_CompilationTime.cpp */ = {isa = PBXFileReference; lastKnownFileType = sourcecode.cpp.cpp; name = include_juce_core_CompilationTime.cpp; path = ../../JuceLibraryCode/include_juce_core_CompilationTime.cpp; sourceTree = SOURCE_ROOT; };
		DF6B50EBE18B758221DF6FE0 /* juce_audio_basics */ /* juce_audio_basics */ = {isa = PBXFileReference; lastKnownFileType = folder; name = juce_audio_basics; path = ../../../../../../JUCE/modules/juce_audio_basics; sourceTree = SOURCE_ROOT; };
		E0471D6893933AA33DC1CA34 /* juce_core */ /* juce_core */ = {isa = PBXFileReference; lastKnownFileType = folder; name = juce_core; path = ../../../../../../JUCE/modules/juce_core; sourceTree = SOURCE_ROOT; };
		E1DD331726F01CD22EF394DA /* QuartzCore.framework */ /* QuartzCore.framework */ = {isa = PBXFileReference; lastKnownFileType = wrapper.framework; name = QuartzCore.framework; path = System/Library/Frameworks/QuartzCore.framework; sourceTree = SDKROOT; };
		E668D01B3A969EC96E7BA938 /* include_juce_graphics_Harfbuzz.cpp */ /* include_juce_graphics_Harfbuzz.cpp */ = {isa = PBXFileReference; lastKnownFileType = sourcecode.cpp.cpp; name = include_juce_graphics_Harfbuzz.cpp; path = ../../JuceLibraryCode/include_juce_graphics_Harfbuzz.cpp; sourceTree = SOURCE_ROOT; };
		E88BB2DFE3F910F4BE3A6D22 /* AudioToolbox.framework */ /* AudioToolbox.framework */ = {isa = PBXFileReference; lastKnownFileType = wrapper.framework; name = AudioToolbox.framework; path = System/Library/Frameworks/AudioToolbox.framework; sourceTree = SDKROOT; };
/* End PBXFileReference section */

/* Begin PBXFrameworksBuildPhase section */
		74C7217102A950B90F155BBC = {
			isa = PBXFrameworksBuildPhase;
			buildActionMask = 2147483647;
			files = (
				2DA5EC78A3EC75EA8F7CE1F6,
				09EB65DD5BA25580EE90787F,
				FAC5D5EC34303C1B82034AF2,
				D35082C95FE50B602D24ED3E,
				64043C63BBFCFAA3772C050D,
				55166F1C21B4B84E4E775E56,
				3C59558C13448F30A930F9ED,
				0461D57F7CB5939C5A52F5DB,
				739647EFDFEEF878062E2617,
				E463071D90C9B3445901B493,
				7E73BE4D473D3DFA303D381E,
				B948A4F632C4C60EF0C85388,
				C973ECF4D0668C9E67157F46,
				F6E6AF329A6F56120FA49BBD,
				686624366EB790EB23A70316,
				EC2FFE225D8D061D2AF9E5BB,
				DFA0743E2518D7AC44CBAB65,
				8928DE4CC436639A331FD33C,
			);
			runOnlyForDeploymentPostprocessing = 0;
		};
/* End PBXFrameworksBuildPhase section */

/* Begin PBXGroup section */
		026A547D238448FAE6909D51 /* Resources */ = {
			isa = PBXGroup;
			children = (
				DECE600E41B4C12EBA3B39AE,
				0A893BD36D4849A4A455BAC3,
				2AF1FC77082B0052350A9FA6,
			);
			name = Resources;
			sourceTree = "<group>";
		};
		09774C7D4D63E1FC6345AEC1 /* Products */ = {
			isa = PBXGroup;
			children = (
				906FBF4EA1B2EE1C0255E13B,
				25804A8872ECD9E04A014615,
			);
			name = Products;
			sourceTree = "<group>";
		};
		1A9FF373B4AC1360919A2FDA /* pointilistictextures */ = {
			isa = PBXGroup;
			children = (
				89B7DDCDC84B64C0694E3052,
			);
			name = pointilistictextures;
			sourceTree = "<group>";
		};
		5FAFB8D8A18BB22FAA5585D4 /* Source */ = {
			isa = PBXGroup;
			children = (
				1A9FF373B4AC1360919A2FDA,
				E9C6AA3F9A96390DA2A22895,
				D97BC3284F4DC6246CEB5D2D,
				026A547D238448FAE6909D51,
				7C41D32C58EDB095FE7E68D2,
				09774C7D4D63E1FC6345AEC1,
			);
			name = Source;
			sourceTree = "<group>";
		};
		7C41D32C58EDB095FE7E68D2 /* Frameworks */ = {
			isa = PBXGroup;
			children = (
				4000D9A9A2D5AB0D869AD193,
				E88BB2DFE3F910F4BE3A6D22,
				B7B043C73DE032CFFC75DEEF,
				15BD5DA05802C95B81852893,
				C6FE1628720391201A9EE0F7,
				0BD4543CFEEC144109C01A65,
				69D5D3F6ADD7DB2CD2CBAE73,
				89D03F253531A54426587081,
				C51B6009199C52E8AB679D5E,
				51FF62DAA43B54F1D69B5A96,
				D7F66079C79ECCE8D43250F0,
				E1DD331726F01CD22EF394DA,
				2C9BBBA48F1695B18316FABF,
				AAE4275AA69CF0D4E98103EA,
				338165EE89059BC1482B9147,
				8991EBBA311683890024967C,
				4F09A615748A4F33B0F80904,
				276832549228803745D26E82,
			);
			name = Frameworks;
			sourceTree = "<group>";
		};
		89B7DDCDC84B64C0694E3052 /* Source */ = {
			isa = PBXGroup;
			children = (
				36704AEFBEDD9D2B8581D610,
				1E264A110BAD8574FB8D392D,
				3BAF8A0FB028E82B87EBAE91,
			);
			name = Source;
			sourceTree = "<group>";
		};
		D97BC3284F4DC6246CEB5D2D /* JUCE Library Code */ = {
			isa = PBXGroup;
			children = (
				69C476ED2E2BD1E6468C0618,
				90A3F42860D48487FA30B1A9,
				B74CE1A611C21138BE72A247,
				A3CE0A28643100D57A4D8223,
				4F1DEDBAC4A022EC5E8A97CE,
				79B1C31C2FA4072818832F78,
				2F62B50AB5A8541563E62D22,
				2A66686CE9118D7CC3CD0E5A,
				DF41BC8F84C88F06C741F592,
				16D4E7137F95F6255623C17B,
				23D7B55359FC6D25B3157E0D,
				099D3C97DA0033B245A8C98F,
				E668D01B3A969EC96E7BA938,
				0EB1DF2BB254DFD953213B3A,
				25307ED7DD7F9AB06F9AEFA5,
				C098CCB964455B06130F614F,
				6AF32DAF6E17CBCB63A1B547,
				9F559D1D5A40D6DD04F59FBD,
			);
			name = "JUCE Library Code";
			sourceTree = "<group>";
		};
		E9C6AA3F9A96390DA2A22895 /* JUCE Modules */ = {
			isa = PBXGroup;
			children = (
				DF6B50EBE18B758221DF6FE0,
				5655086B9CF64E0E63167393,
				88166BBC0A0552350FF3104D,
				68B1A90D4AFBD9DC40D4786A,
				A87FEAF6EE9AFE31AA736679,
				E0471D6893933AA33DC1CA34,
				C69562F826BF7E23D689FA1E,
				1B602DF1671D08B2C3B95214,
				1EDABE99FF4C543EB7486074,
				D4F9AF7A691DFA5B20955CCE,
				A4AECC0AB0B8BA64766F4C5D,
			);
			name = "JUCE Modules";
			sourceTree = "<group>";
		};
/* End PBXGroup section */

/* Begin PBXNativeTarget section */
		6EA79275FB43CFB90B5BFF8B /* pointilistictextures - AUv3 AppExtension */ = {
			isa = PBXNativeTarget;
			buildConfigurationList = C0AFFD5A4BBBFF901B36810E;
			buildPhases = (
				496CD4E9249560AA67B1D1B1,
				A88AD9AE4E3F1078E247B239,
				74C7217102A950B90F155BBC,
			);
			buildRules = (
			);
			dependencies = (
				83D577A8524BF852E232B3DB,
			);
			name = "pointilistictextures - AUv3 AppExtension";
			productName = pointilistictextures;
			productReference = 906FBF4EA1B2EE1C0255E13B;
			productType = "com.apple.product-type.app-extension";
		};
		D17D679A470EC9524C2ACAA3 /* pointilistictextures - Shared Code */ = {
			isa = PBXNativeTarget;
			buildConfigurationList = 84A9A701987196754B28F644;
			buildPhases = (
				CD137D27E61E14F0E3DBFA1C,
			);
			buildRules = (
			);
			dependencies = (
			);
			name = "pointilistictextures - Shared Code";
			productName = pointilistictextures;
			productReference = 25804A8872ECD9E04A014615;
			productType = "com.apple.product-type.library.static";
		};
/* End PBXNativeTarget section */

/* Begin PBXProject section */
		5579475CBEB94D97937381EF = {
			isa = PBXProject;
			attributes = {
				BuildIndependentTargetsInParallel = YES;
				LastUpgradeCheck = 1340;
				ORGANIZATIONNAME = "";
				TargetAttributes = {
					6EA79275FB43CFB90B5BFF8B = {
						SystemCapabilities = {
							com.apple.ApplicationGroups.iOS = {
								enabled = 0;
							};
							com.apple.HardenedRuntime = {
								enabled = 0;
							};
							com.apple.InAppPurchase = {
								enabled = 0;
							};
							com.apple.InterAppAudio = {
								enabled = 0;
							};
							com.apple.Push = {
								enabled = 0;
							};
							com.apple.Sandbox = {
								enabled = 1;
							};
						};
					};
					B090D59C501C91F56C087017 = {
						SystemCapabilities = {
							com.apple.ApplicationGroups.iOS = {
								enabled = 0;
							};
							com.apple.HardenedRuntime = {
								enabled = 0;
							};
							com.apple.InAppPurchase = {
								enabled = 0;
							};
							com.apple.InterAppAudio = {
								enabled = 0;
							};
							com.apple.Push = {
								enabled = 0;
							};
							com.apple.Sandbox = {
								enabled = 0;
							};
						};
					};
					D17D679A470EC9524C2ACAA3 = {
						SystemCapabilities = {
							com.apple.ApplicationGroups.iOS = {
								enabled = 0;
							};
							com.apple.HardenedRuntime = {
								enabled = 0;
							};
							com.apple.InAppPurchase = {
								enabled = 0;
							};
							com.apple.InterAppAudio = {
								enabled = 0;
							};
							com.apple.Push = {
								enabled = 0;
							};
							com.apple.Sandbox = {
								enabled = 0;
							};
						};
					};
				};
			};
			buildConfigurationList = D0AE2EBC8A855824A6F86198;
			compatibilityVersion = "Xcode 3.2";
			hasScannedForEncodings = 0;
			knownRegions = (
				en,
				Base,
			);
			mainGroup = 5FAFB8D8A18BB22FAA5585D4;
			projectDirPath = "";
			projectRoot = "";
			targets = (
				B090D59C501C91F56C087017,
				6EA79275FB43CFB90B5BFF8B,
				D17D679A470EC9524C2ACAA3,
			);
		};
/* End PBXProject section */

/* Begin PBXResourcesBuildPhase section */
		496CD4E9249560AA67B1D1B1 = {
			isa = PBXResourcesBuildPhase;
			buildActionMask = 2147483647;
			files = (
				8CD5E76744A781E30DFB48F9,
				B4925C6FDA879FF9E6905180,
			);
			runOnlyForDeploymentPostprocessing = 0;
		};
/* End PBXResourcesBuildPhase section */

/* Begin PBXSourcesBuildPhase section */
		A88AD9AE4E3F1078E247B239 = {
			isa = PBXSourcesBuildPhase;
			buildActionMask = 2147483647;
			files = (
			);
			runOnlyForDeploymentPostprocessing = 0;
		};
		CD137D27E61E14F0E3DBFA1C = {
			isa = PBXSourcesBuildPhase;
			buildActionMask = 2147483647;
			files = (
				9257A634D2A9E4982FFC90B7,
				5224932CEECE0D816F1FB748,
				072A9F547A637D427093246D,
				6887363C65C2B4863E509223,
				DA4ED2847FDF302A58622454,
				451B5CA6EF0C18048DD7938D,
				B7A0817B71353846E8BAB486,
				255B296B86AC690A6C4A08BD,
				CE667477DE46082D0A060A4E,
				68989587F9D6366D65F70689,
				BD6C57A678B8C344F416464F,
				A5C80C1454710C0EDB33F74C,
				43BD404E567EC34D95AAF93A,
				EE12F44A1C6C25AB2E09FDE5,
				5F535C1DD78D4C1B9E29C4DC,
				95515FDAD00174A527970653,
				AF483CDC62BFE76522496E4F,
				D1D3769928FB6461AA3D563C,
			);
			runOnlyForDeploymentPostprocessing = 0;
		};
/* End PBXSourcesBuildPhase section */

/* Begin PBXTargetDependency section */
		5D6C5AD9E971AAA6A1AE1A49 = {
			isa = PBXTargetDependency;
			target = D17D679A470EC9524C2ACAA3;
		};
		834FE4D23CED47BF85755404 = {
			isa = PBXTargetDependency;
			target = 6EA79275FB43CFB90B5BFF8B;
		};
		83D577A8524BF852E232B3DB = {
			isa = PBXTargetDependency;
			target = D17D679A470EC9524C2ACAA3;
		};
/* End PBXTargetDependency section */

/* Begin XCBuildConfiguration section */
		01FB0F1A201C880D60256218 /* Release */ = {
			isa = XCBuildConfiguration;
			buildSettings = {
				ASSETCATALOG_COMPILER_APPICON_NAME = AppIcon;
				CLANG_CXX_LANGUAGE_STANDARD = "c++17";
				CLANG_CXX_LIBRARY = "libc++";
				CLANG_LINK_OBJC_RUNTIME = NO;
				CODE_SIGN_ENTITLEMENTS = "AUv3_AppExtension.entitlements";
				COMBINE_HIDPI_IMAGES = YES;
				CONFIGURATION_BUILD_DIR = "$(PROJECT_DIR)/build/$(CONFIGURATION)";
				DEAD_CODE_STRIPPING = YES;
				GCC_GENERATE_DEBUGGING_SYMBOLS = NO;
				GCC_OPTIMIZATION_LEVEL = 3;
				GCC_PREPROCESSOR_DEFINITIONS = (
					"_NDEBUG=1",
					"NDEBUG=1",
					"JUCE_CONTENT_SHARING=1",
					"JUCE_PROJUCER_VERSION=0x80008",
					"JUCE_MODULE_AVAILABLE_juce_audio_basics=1",
					"JUCE_MODULE_AVAILABLE_juce_audio_devices=1",
					"JUCE_MODULE_AVAILABLE_juce_audio_formats=1",
					"JUCE_MODULE_AVAILABLE_juce_audio_processors=1",
					"JUCE_MODULE_AVAILABLE_juce_audio_utils=1",
					"JUCE_MODULE_AVAILABLE_juce_core=1",
					"JUCE_MODULE_AVAILABLE_juce_data_structures=1",
					"JUCE_MODULE_AVAILABLE_juce_events=1",
					"JUCE_MODULE_AVAILABLE_juce_graphics=1",
					"JUCE_MODULE_AVAILABLE_juce_gui_basics=1",
					"JUCE_MODULE_AVAILABLE_juce_gui_extra=1",
					"JUCE_GLOBAL_MODULE_SETTINGS_INCLUDED=1",
					"JUCE_STRICT_REFCOUNTEDPOINTER=1",
					"JucePlugin_Build_VST=0",
					"JucePlugin_Build_VST3=0",
					"JucePlugin_Build_AU=0",
					"JucePlugin_Build_AUv3=1",
					"JucePlugin_Build_AAX=0",
					"JucePlugin_Build_Standalone=0",
					"JucePlugin_Build_Unity=0",
					"JucePlugin_Build_LV2=0",
					"JucePlugin_Enable_IAA=0",
					"JucePlugin_Enable_ARA=0",
					"JucePlugin_Name=\\\"pointilistictextures\\\"",
					"JucePlugin_Desc=\\\"pointilistictextures\\\"",
					"JucePlugin_Manufacturer=\\\"yourcompany\\\"",
					"JucePlugin_ManufacturerWebsite=\\\"www.yourcompany.com\\\"",
					"JucePlugin_ManufacturerEmail=\\\"\\\"",
					"JucePlugin_ManufacturerCode=0x4d616e75",
					"JucePlugin_PluginCode=0x506e7478",
					"JucePlugin_IsSynth=1",
					"JucePlugin_WantsMidiInput=1",
					"JucePlugin_ProducesMidiOutput=0",
					"JucePlugin_IsMidiEffect=0",
					"JucePlugin_EditorRequiresKeyboardFocus=0",
					"JucePlugin_Version=1.0.0",
					"JucePlugin_VersionCode=0x10000",
					"JucePlugin_VersionString=\\\"1.0.0\\\"",
					"JucePlugin_VSTUniqueID=JucePlugin_PluginCode",
					"JucePlugin_VSTCategory=kPlugCategSynth",
					"JucePlugin_Vst3Category=\\\"Instrument|Synth\\\"",
					"JucePlugin_AUMainType=\\'augn\\'",
					"JucePlugin_AUSubType=JucePlugin_PluginCode",
					"JucePlugin_AUExportPrefix=pointilistictexturesAU",
					"JucePlugin_AUExportPrefixQuoted=\\\"pointilistictexturesAU\\\"",
					"JucePlugin_AUManufacturerCode=JucePlugin_ManufacturerCode",
					"JucePlugin_CFBundleIdentifier=com.yourcompany.pointilistictextures",
					"JucePlugin_AAXIdentifier=com.harringheavyindustry.pointilistictextures",
					"JucePlugin_AAXManufacturerCode=JucePlugin_ManufacturerCode",
					"JucePlugin_AAXProductId=JucePlugin_PluginCode",
					"JucePlugin_AAXCategory=2048",
					"JucePlugin_AAXDisableBypass=0",
					"JucePlugin_AAXDisableMultiMono=0",
					"JucePlugin_IAAType=0x61757269",
					"JucePlugin_IAASubType=JucePlugin_PluginCode",
					"JucePlugin_IAAName=\\\"yourcompany:\\ pointilistictextures\\\"",
					"JucePlugin_VSTNumMidiInputs=16",
					"JucePlugin_VSTNumMidiOutputs=16",
					"JucePlugin_ARAContentTypes=0",
					"JucePlugin_ARATransformationFlags=0",
					"JucePlugin_ARAFactoryID=\\\"com.yourcompany.pointilistictextures.factory\\\"",
					"JucePlugin_ARADocumentArchiveID=\\\"com.yourcompany.pointilistictextures.aradocumentarchive.1.0.0\\\"",
					"JucePlugin_ARACompatibleArchiveIDs=\\\"\\\"",
					"JUCE_STANDALONE_APPLICATION=JucePlugin_Build_Standalone",
					"JUCER_XCODE_IPHONE_5BC26AE3=1",
					"JUCE_APP_VERSION=1.0.0",
					"JUCE_APP_VERSION_HEX=0x10000",
				);
				GCC_VERSION = com.apple.compilers.llvm.clang.1_0;
				HEADER_SEARCH_PATHS = (
					"$(SRCROOT)/../../JuceLibraryCode",
					"$(SRCROOT)/../../../../../../JUCE/modules",
					"$(inherited)",
				);
				INFOPLIST_FILE = Info-AUv3_AppExtension.plist;
				INFOPLIST_PREPROCESS = NO;
				LLVM_LTO = YES;
				MTL_HEADER_SEARCH_PATHS = "$(SRCROOT)/../../JuceLibraryCode $(SRCROOT)/../../../../../../JUCE/modules";
				OTHER_LDFLAGS = "-lpointilistictextures";
				PRODUCT_BUNDLE_IDENTIFIER = com.yourcompany.pointilistictextures.pointilistictexturesAUv3;
				PRODUCT_NAME = "pointilistictextures";
				USE_HEADERMAP = NO;
			};
			name = Release;
		};
		18E27A390231ED71CB830CEE /* Release */ = {
			isa = XCBuildConfiguration;
			buildSettings = {
				ALWAYS_SEARCH_USER_PATHS = NO;
				CLANG_ENABLE_OBJC_WEAK = YES;
				CLANG_WARN_BLOCK_CAPTURE_AUTORELEASING = YES;
				CLANG_WARN_BOOL_CONVERSION = YES;
				CLANG_WARN_COMMA = YES;
				CLANG_WARN_CONSTANT_CONVERSION = YES;
				CLANG_WARN_DEPRECATED_OBJC_IMPLEMENTATIONS = YES;
				CLANG_WARN_EMPTY_BODY = YES;
				CLANG_WARN_ENUM_CONVERSION = YES;
				CLANG_WARN_INFINITE_RECURSION = YES;
				CLANG_WARN_INT_CONVERSION = YES;
				CLANG_WARN_NON_LITERAL_NULL_CONVERSION = YES;
				CLANG_WARN_OBJC_IMPLICIT_RETAIN_SELF = YES;
				CLANG_WARN_OBJC_LITERAL_CONVERSION = YES;
				CLANG_WARN_RANGE_LOOP_ANALYSIS = YES;
				CLANG_WARN_STRICT_PROTOTYPES = YES;
				CLANG_WARN_SUSPICIOUS_MOVE = YES;
				CLANG_WARN_UNREACHABLE_CODE = YES;
				CLANG_WARN__DUPLICATE_METHOD_MATCH = YES;
				DEBUG_INFORMATION_FORMAT = dwarf;
				ENABLE_STRICT_OBJC_MSGSEND = YES;
				ENABLE_TESTABILITY = NO;
				GCC_C_LANGUAGE_STANDARD = c11;
				GCC_INLINES_ARE_PRIVATE_EXTERN = YES;
				GCC_MODEL_TUNING = G5;
				GCC_NO_COMMON_BLOCKS = YES;
				GCC_SYMBOLS_PRIVATE_EXTERN = YES;
				GCC_WARN_64_TO_32_BIT_CONVERSION = YES;
				GCC_WARN_ABOUT_RETURN_TYPE = YES;
				GCC_WARN_CHECK_SWITCH_STATEMENTS = YES;
				GCC_WARN_MISSING_PARENTHESES = YES;
				GCC_WARN_NON_VIRTUAL_DESTRUCTOR = YES;
				GCC_WARN_TYPECHECK_CALLS_TO_PRINTF = YES;
				GCC_WARN_UNDECLARED_SELECTOR = YES;
				GCC_WARN_UNINITIALIZED_AUTOS = YES;
				GCC_WARN_UNUSED_FUNCTION = YES;
				GCC_WARN_UNUSED_VARIABLE = YES;
				IPHONEOS_DEPLOYMENT_TARGET = 12.0;
				PRODUCT_NAME = "pointilistictextures";
				SDKROOT = iphoneos;
				TARGETED_DEVICE_FAMILY = "1,2";
				WARNING_CFLAGS = "-Wreorder";
				ZERO_LINK = NO;
			};
			name = Release;
		};
		3E1832F5F31D91E01843BAC6 /* Release */ = {
			isa = XCBuildConfiguration;
			buildSettings = {
				ASSETCATALOG_COMPILER_APPICON_NAME = AppIcon;
				CLANG_CXX_LANGUAGE_STANDARD = "c++17";
				CLANG_CXX_LIBRARY = "libc++";
				CLANG_LINK_OBJC_RUNTIME = NO;
				COMBINE_HIDPI_IMAGES = YES;
				CONFIGURATION_BUILD_DIR = "$(PROJECT_DIR)/build/$(CONFIGURATION)";
				DEAD_CODE_STRIPPING = YES;
				GCC_GENERATE_DEBUGGING_SYMBOLS = NO;
				GCC_OPTIMIZATION_LEVEL = 3;
				GCC_PREPROCESSOR_DEFINITIONS = (
					"_NDEBUG=1",
					"NDEBUG=1",
					"JUCE_CONTENT_SHARING=1",
					"JUCE_PROJUCER_VERSION=0x80008",
					"JUCE_MODULE_AVAILABLE_juce_audio_basics=1",
					"JUCE_MODULE_AVAILABLE_juce_audio_devices=1",
					"JUCE_MODULE_AVAILABLE_juce_audio_formats=1",
					"JUCE_MODULE_AVAILABLE_juce_audio_processors=1",
					"JUCE_MODULE_AVAILABLE_juce_audio_utils=1",
					"JUCE_MODULE_AVAILABLE_juce_core=1",
					"JUCE_MODULE_AVAILABLE_juce_data_structures=1",
					"JUCE_MODULE_AVAILABLE_juce_events=1",
					"JUCE_MODULE_AVAILABLE_juce_graphics=1",
					"JUCE_MODULE_AVAILABLE_juce_gui_basics=1",
					"JUCE_MODULE_AVAILABLE_juce_gui_extra=1",
					"JUCE_GLOBAL_MODULE_SETTINGS_INCLUDED=1",
					"JUCE_STRICT_REFCOUNTEDPOINTER=1",
					"JucePlugin_Build_VST=0",
					"JucePlugin_Build_VST3=0",
					"JucePlugin_Build_AU=0",
					"JucePlugin_Build_AUv3=0",
					"JucePlugin_Build_AAX=0",
					"JucePlugin_Build_Standalone=0",
					"JucePlugin_Build_Unity=0",
					"JucePlugin_Build_LV2=0",
					"JucePlugin_Enable_IAA=0",
					"JucePlugin_Enable_ARA=0",
					"JucePlugin_Name=\\\"pointilistictextures\\\"",
					"JucePlugin_Desc=\\\"pointilistictextures\\\"",
					"JucePlugin_Manufacturer=\\\"yourcompany\\\"",
					"JucePlugin_ManufacturerWebsite=\\\"www.yourcompany.com\\\"",
					"JucePlugin_ManufacturerEmail=\\\"\\\"",
					"JucePlugin_ManufacturerCode=0x4d616e75",
					"JucePlugin_PluginCode=0x506e7478",
					"JucePlugin_IsSynth=1",
					"JucePlugin_WantsMidiInput=1",
					"JucePlugin_ProducesMidiOutput=0",
					"JucePlugin_IsMidiEffect=0",
					"JucePlugin_EditorRequiresKeyboardFocus=0",
					"JucePlugin_Version=1.0.0",
					"JucePlugin_VersionCode=0x10000",
					"JucePlugin_VersionString=\\\"1.0.0\\\"",
					"JucePlugin_VSTUniqueID=JucePlugin_PluginCode",
					"JucePlugin_VSTCategory=kPlugCategSynth",
					"JucePlugin_Vst3Category=\\\"Instrument|Synth\\\"",
					"JucePlugin_AUMainType=\\'augn\\'",
					"JucePlugin_AUSubType=JucePlugin_PluginCode",
					"JucePlugin_AUExportPrefix=pointilistictexturesAU",
					"JucePlugin_AUExportPrefixQuoted=\\\"pointilistictexturesAU\\\"",
					"JucePlugin_AUManufacturerCode=JucePlugin_ManufacturerCode",
					"JucePlugin_CFBundleIdentifier=com.yourcompany.pointilistictextures",
					"JucePlugin_AAXIdentifier=com.harringheavyindustry.pointilistictextures",
					"JucePlugin_AAXManufacturerCode=JucePlugin_ManufacturerCode",
					"JucePlugin_AAXProductId=JucePlugin_PluginCode",
					"JucePlugin_AAXCategory=2048",
					"JucePlugin_AAXDisableBypass=0",
					"JucePlugin_AAXDisableMultiMono=0",
					"JucePlugin_IAAType=0x61757269",
					"JucePlugin_IAASubType=JucePlugin_PluginCode",
					"JucePlugin_IAAName=\\\"yourcompany:\\ pointilistictextures\\\"",
					"JucePlugin_VSTNumMidiInputs=16",
					"JucePlugin_VSTNumMidiOutputs=16",
					"JucePlugin_ARAContentTypes=0",
					"JucePlugin_ARATransformationFlags=0",
					"JucePlugin_ARAFactoryID=\\\"com.yourcompany.pointilistictextures.factory\\\"",
					"JucePlugin_ARADocumentArchiveID=\\\"com.yourcompany.pointilistictextures.aradocumentarchive.1.0.0\\\"",
					"JucePlugin_ARACompatibleArchiveIDs=\\\"\\\"",
					"JUCE_STANDALONE_APPLICATION=JucePlugin_Build_Standalone",
					"JUCER_XCODE_IPHONE_5BC26AE3=1",
					"JUCE_APP_VERSION=1.0.0",
					"JUCE_APP_VERSION_HEX=0x10000",
				);
				GCC_VERSION = com.apple.compilers.llvm.clang.1_0;
				HEADER_SEARCH_PATHS = (
					"$(SRCROOT)/../../JuceLibraryCode",
					"$(SRCROOT)/../../../../../../JUCE/modules",
					"$(inherited)",
				);
				LLVM_LTO = YES;
				MTL_HEADER_SEARCH_PATHS = "$(SRCROOT)/../../JuceLibraryCode $(SRCROOT)/../../../../../../JUCE/modules";
				OTHER_LDFLAGS = "-lpointilistictextures";
				PRODUCT_BUNDLE_IDENTIFIER = com.yourcompany.pointilistictextures;
				PRODUCT_NAME = "pointilistictextures";
				USE_HEADERMAP = NO;
			};
			name = Release;
		};
		62A2846C259D6A7DF313AD03 /* Debug */ = {
			isa = XCBuildConfiguration;
			buildSettings = {
				ASSETCATALOG_COMPILER_APPICON_NAME = AppIcon;
				CLANG_CXX_LANGUAGE_STANDARD = "c++17";
				CLANG_CXX_LIBRARY = "libc++";
				CLANG_LINK_OBJC_RUNTIME = NO;
				CODE_SIGN_ENTITLEMENTS = "AUv3_AppExtension.entitlements";
				COMBINE_HIDPI_IMAGES = YES;
				CONFIGURATION_BUILD_DIR = "$(PROJECT_DIR)/build/$(CONFIGURATION)";
				COPY_PHASE_STRIP = NO;
				GCC_DYNAMIC_NO_PIC = NO;
				GCC_OPTIMIZATION_LEVEL = 0;
				GCC_PREPROCESSOR_DEFINITIONS = (
					"_DEBUG=1",
					"DEBUG=1",
					"JUCE_CONTENT_SHARING=1",
					"JUCE_PROJUCER_VERSION=0x80008",
					"JUCE_MODULE_AVAILABLE_juce_audio_basics=1",
					"JUCE_MODULE_AVAILABLE_juce_audio_devices=1",
					"JUCE_MODULE_AVAILABLE_juce_audio_formats=1",
					"JUCE_MODULE_AVAILABLE_juce_audio_processors=1",
					"JUCE_MODULE_AVAILABLE_juce_audio_utils=1",
					"JUCE_MODULE_AVAILABLE_juce_core=1",
					"JUCE_MODULE_AVAILABLE_juce_data_structures=1",
					"JUCE_MODULE_AVAILABLE_juce_events=1",
					"JUCE_MODULE_AVAILABLE_juce_graphics=1",
					"JUCE_MODULE_AVAILABLE_juce_gui_basics=1",
					"JUCE_MODULE_AVAILABLE_juce_gui_extra=1",
					"JUCE_GLOBAL_MODULE_SETTINGS_INCLUDED=1",
					"JUCE_STRICT_REFCOUNTEDPOINTER=1",
					"JucePlugin_Build_VST=0",
					"JucePlugin_Build_VST3=0",
					"JucePlugin_Build_AU=0",
					"JucePlugin_Build_AUv3=1",
					"JucePlugin_Build_AAX=0",
					"JucePlugin_Build_Standalone=0",
					"JucePlugin_Build_Unity=0",
					"JucePlugin_Build_LV2=0",
					"JucePlugin_Enable_IAA=0",
					"JucePlugin_Enable_ARA=0",
					"JucePlugin_Name=\\\"pointilistictextures\\\"",
					"JucePlugin_Desc=\\\"pointilistictextures\\\"",
					"JucePlugin_Manufacturer=\\\"yourcompany\\\"",
					"JucePlugin_ManufacturerWebsite=\\\"www.yourcompany.com\\\"",
					"JucePlugin_ManufacturerEmail=\\\"\\\"",
					"JucePlugin_ManufacturerCode=0x4d616e75",
					"JucePlugin_PluginCode=0x506e7478",
					"JucePlugin_IsSynth=1",
					"JucePlugin_WantsMidiInput=1",
					"JucePlugin_ProducesMidiOutput=0",
					"JucePlugin_IsMidiEffect=0",
					"JucePlugin_EditorRequiresKeyboardFocus=0",
					"JucePlugin_Version=1.0.0",
					"JucePlugin_VersionCode=0x10000",
					"JucePlugin_VersionString=\\\"1.0.0\\\"",
					"JucePlugin_VSTUniqueID=JucePlugin_PluginCode",
					"JucePlugin_VSTCategory=kPlugCategSynth",
					"JucePlugin_Vst3Category=\\\"Instrument|Synth\\\"",
					"JucePlugin_AUMainType=\\'augn\\'",
					"JucePlugin_AUSubType=JucePlugin_PluginCode",
					"JucePlugin_AUExportPrefix=pointilistictexturesAU",
					"JucePlugin_AUExportPrefixQuoted=\\\"pointilistictexturesAU\\\"",
					"JucePlugin_AUManufacturerCode=JucePlugin_ManufacturerCode",
					"JucePlugin_CFBundleIdentifier=com.yourcompany.pointilistictextures",
					"JucePlugin_AAXIdentifier=com.harringheavyindustry.pointilistictextures",
					"JucePlugin_AAXManufacturerCode=JucePlugin_ManufacturerCode",
					"JucePlugin_AAXProductId=JucePlugin_PluginCode",
					"JucePlugin_AAXCategory=2048",
					"JucePlugin_AAXDisableBypass=0",
					"JucePlugin_AAXDisableMultiMono=0",
					"JucePlugin_IAAType=0x61757269",
					"JucePlugin_IAASubType=JucePlugin_PluginCode",
					"JucePlugin_IAAName=\\\"yourcompany:\\ pointilistictextures\\\"",
					"JucePlugin_VSTNumMidiInputs=16",
					"JucePlugin_VSTNumMidiOutputs=16",
					"JucePlugin_ARAContentTypes=0",
					"JucePlugin_ARATransformationFlags=0",
					"JucePlugin_ARAFactoryID=\\\"com.yourcompany.pointilistictextures.factory\\\"",
					"JucePlugin_ARADocumentArchiveID=\\\"com.yourcompany.pointilistictextures.aradocumentarchive.1.0.0\\\"",
					"JucePlugin_ARACompatibleArchiveIDs=\\\"\\\"",
					"JUCE_STANDALONE_APPLICATION=JucePlugin_Build_Standalone",
					"JUCER_XCODE_IPHONE_5BC26AE3=1",
					"JUCE_APP_VERSION=1.0.0",
					"JUCE_APP_VERSION_HEX=0x10000",
				);
				GCC_VERSION = com.apple.compilers.llvm.clang.1_0;
				HEADER_SEARCH_PATHS = (
					"$(SRCROOT)/../../JuceLibraryCode",
					"$(SRCROOT)/../../../../../../JUCE/modules",
					"$(inherited)",
				);
				INFOPLIST_FILE = Info-AUv3_AppExtension.plist;
				INFOPLIST_PREPROCESS = NO;
				MTL_HEADER_SEARCH_PATHS = "$(SRCROOT)/../../JuceLibraryCode $(SRCROOT)/../../../../../../JUCE/modules";
				OTHER_LDFLAGS = "-lpointilistictextures";
				PRODUCT_BUNDLE_IDENTIFIER = com.yourcompany.pointilistictextures.pointilistictexturesAUv3;
				PRODUCT_NAME = "pointilistictextures";
				USE_HEADERMAP = NO;
			};
			name = Debug;
		};
		85BBDD2C244CCB93DEB97E7D /* Release */ = {
			isa = XCBuildConfiguration;
			buildSettings = {
				ASSETCATALOG_COMPILER_APPICON_NAME = AppIcon;
				CLANG_CXX_LANGUAGE_STANDARD = "c++17";
				CLANG_CXX_LIBRARY = "libc++";
				CLANG_LINK_OBJC_RUNTIME = NO;
				COMBINE_HIDPI_IMAGES = YES;
				CONFIGURATION_BUILD_DIR = "$(PROJECT_DIR)/build/$(CONFIGURATION)";
				DEAD_CODE_STRIPPING = YES;
				GCC_GENERATE_DEBUGGING_SYMBOLS = NO;
				GCC_OPTIMIZATION_LEVEL = 3;
				GCC_PREPROCESSOR_DEFINITIONS = (
					"_NDEBUG=1",
					"NDEBUG=1",
					"JUCE_CONTENT_SHARING=1",
					"JUCE_PROJUCER_VERSION=0x80008",
					"JUCE_MODULE_AVAILABLE_juce_audio_basics=1",
					"JUCE_MODULE_AVAILABLE_juce_audio_devices=1",
					"JUCE_MODULE_AVAILABLE_juce_audio_formats=1",
					"JUCE_MODULE_AVAILABLE_juce_audio_processors=1",
					"JUCE_MODULE_AVAILABLE_juce_audio_utils=1",
					"JUCE_MODULE_AVAILABLE_juce_core=1",
					"JUCE_MODULE_AVAILABLE_juce_data_structures=1",
					"JUCE_MODULE_AVAILABLE_juce_events=1",
					"JUCE_MODULE_AVAILABLE_juce_graphics=1",
					"JUCE_MODULE_AVAILABLE_juce_gui_basics=1",
					"JUCE_MODULE_AVAILABLE_juce_gui_extra=1",
					"JUCE_GLOBAL_MODULE_SETTINGS_INCLUDED=1",
					"JUCE_STRICT_REFCOUNTEDPOINTER=1",
					"JucePlugin_Build_VST=0",
					"JucePlugin_Build_VST3=0",
					"JucePlugin_Build_AU=0",
					"JucePlugin_Build_AUv3=1",
					"JucePlugin_Build_AAX=0",
					"JucePlugin_Build_Standalone=0",
					"JucePlugin_Build_Unity=0",
					"JucePlugin_Build_LV2=0",
					"JucePlugin_Enable_IAA=0",
					"JucePlugin_Enable_ARA=0",
					"JucePlugin_Name=\\\"pointilistictextures\\\"",
					"JucePlugin_Desc=\\\"pointilistictextures\\\"",
					"JucePlugin_Manufacturer=\\\"yourcompany\\\"",
					"JucePlugin_ManufacturerWebsite=\\\"www.yourcompany.com\\\"",
					"JucePlugin_ManufacturerEmail=\\\"\\\"",
					"JucePlugin_ManufacturerCode=0x4d616e75",
					"JucePlugin_PluginCode=0x506e7478",
					"JucePlugin_IsSynth=1",
					"JucePlugin_WantsMidiInput=1",
					"JucePlugin_ProducesMidiOutput=0",
					"JucePlugin_IsMidiEffect=0",
					"JucePlugin_EditorRequiresKeyboardFocus=0",
					"JucePlugin_Version=1.0.0",
					"JucePlugin_VersionCode=0x10000",
					"JucePlugin_VersionString=\\\"1.0.0\\\"",
					"JucePlugin_VSTUniqueID=JucePlugin_PluginCode",
					"JucePlugin_VSTCategory=kPlugCategSynth",
					"JucePlugin_Vst3Category=\\\"Instrument|Synth\\\"",
					"JucePlugin_AUMainType=\\'augn\\'",
					"JucePlugin_AUSubType=JucePlugin_PluginCode",
					"JucePlugin_AUExportPrefix=pointilistictexturesAU",
					"JucePlugin_AUExportPrefixQuoted=\\\"pointilistictexturesAU\\\"",
					"JucePlugin_AUManufacturerCode=JucePlugin_ManufacturerCode",
					"JucePlugin_CFBundleIdentifier=com.yourcompany.pointilistictextures",
					"JucePlugin_AAXIdentifier=com.harringheavyindustry.pointilistictextures",
					"JucePlugin_AAXManufacturerCode=JucePlugin_ManufacturerCode",
					"JucePlugin_AAXProductId=JucePlugin_PluginCode",
					"JucePlugin_AAXCategory=2048",
					"JucePlugin_AAXDisableBypass=0",
					"JucePlugin_AAXDisableMultiMono=0",
					"JucePlugin_IAAType=0x61757269",
					"JucePlugin_IAASubType=JucePlugin_PluginCode",
					"JucePlugin_IAAName=\\\"yourcompany:\\ pointilistictextures\\\"",
					"JucePlugin_VSTNumMidiInputs=16",
					"JucePlugin_VSTNumMidiOutputs=16",
					"JucePlugin_ARAContentTypes=0",
					"JucePlugin_ARATransformationFlags=0",
					"JucePlugin_ARAFactoryID=\\\"com.yourcompany.pointilistictextures.factory\\\"",
					"JucePlugin_ARADocumentArchiveID=\\\"com.yourcompany.pointilistictextures.aradocumentarchive.1.0.0\\\"",
					"JucePlugin_ARACompatibleArchiveIDs=\\\"\\\"",
					"JUCE_STANDALONE_APPLICATION=JucePlugin_Build_Standalone",
					"JUCER_XCODE_IPHONE_5BC26AE3=1",
					"JUCE_APP_VERSION=1.0.0",
					"JUCE_APP_VERSION_HEX=0x10000",
					"JUCE_SHARED_CODE=1",
				);
				GCC_VERSION = com.apple.compilers.llvm.clang.1_0;
				HEADER_SEARCH_PATHS = (
					"$(SRCROOT)/../../JuceLibraryCode",
					"$(SRCROOT)/../../../../../../JUCE/modules",
					"$(inherited)",
				);
				INSTALL_PATH = "@executable_path/Frameworks";
				LLVM_LTO = YES;
				MTL_HEADER_SEARCH_PATHS = "$(SRCROOT)/../../JuceLibraryCode $(SRCROOT)/../../../../../../JUCE/modules";
				PRODUCT_BUNDLE_IDENTIFIER = com.yourcompany.pointilistictextures;
				PRODUCT_NAME = "pointilistictextures";
				SKIP_INSTALL = YES;
				USE_HEADERMAP = NO;
			};
			name = Release;
		};
		B82066D759C66270BF0BAE72 /* Debug */ = {
			isa = XCBuildConfiguration;
			buildSettings = {
				ALWAYS_SEARCH_USER_PATHS = NO;
				CLANG_ENABLE_OBJC_WEAK = YES;
				CLANG_WARN_BLOCK_CAPTURE_AUTORELEASING = YES;
				CLANG_WARN_BOOL_CONVERSION = YES;
				CLANG_WARN_COMMA = YES;
				CLANG_WARN_CONSTANT_CONVERSION = YES;
				CLANG_WARN_DEPRECATED_OBJC_IMPLEMENTATIONS = YES;
				CLANG_WARN_EMPTY_BODY = YES;
				CLANG_WARN_ENUM_CONVERSION = YES;
				CLANG_WARN_INFINITE_RECURSION = YES;
				CLANG_WARN_INT_CONVERSION = YES;
				CLANG_WARN_NON_LITERAL_NULL_CONVERSION = YES;
				CLANG_WARN_OBJC_IMPLICIT_RETAIN_SELF = YES;
				CLANG_WARN_OBJC_LITERAL_CONVERSION = YES;
				CLANG_WARN_RANGE_LOOP_ANALYSIS = YES;
				CLANG_WARN_STRICT_PROTOTYPES = YES;
				CLANG_WARN_SUSPICIOUS_MOVE = YES;
				CLANG_WARN_UNREACHABLE_CODE = YES;
				CLANG_WARN__DUPLICATE_METHOD_MATCH = YES;
				DEBUG_INFORMATION_FORMAT = dwarf;
				ENABLE_STRICT_OBJC_MSGSEND = YES;
				ENABLE_TESTABILITY = NO;
				GCC_C_LANGUAGE_STANDARD = c11;
				GCC_INLINES_ARE_PRIVATE_EXTERN = YES;
				GCC_MODEL_TUNING = G5;
				GCC_NO_COMMON_BLOCKS = YES;
				GCC_SYMBOLS_PRIVATE_EXTERN = YES;
				GCC_WARN_64_TO_32_BIT_CONVERSION = YES;
				GCC_WARN_ABOUT_RETURN_TYPE = YES;
				GCC_WARN_CHECK_SWITCH_STATEMENTS = YES;
				GCC_WARN_MISSING_PARENTHESES = YES;
				GCC_WARN_NON_VIRTUAL_DESTRUCTOR = YES;
				GCC_WARN_TYPECHECK_CALLS_TO_PRINTF = YES;
				GCC_WARN_UNDECLARED_SELECTOR = YES;
				GCC_WARN_UNINITIALIZED_AUTOS = YES;
				GCC_WARN_UNUSED_FUNCTION = YES;
				GCC_WARN_UNUSED_VARIABLE = YES;
				IPHONEOS_DEPLOYMENT_TARGET = 12.0;
				ONLY_ACTIVE_ARCH = YES;
				PRODUCT_NAME = "pointilistictextures";
				SDKROOT = iphoneos;
				TARGETED_DEVICE_FAMILY = "1,2";
				WARNING_CFLAGS = "-Wreorder";
				ZERO_LINK = NO;
			};
			name = Debug;
		};
		D8ED55D0E7C6D20E74F93E2F /* Debug */ = {
			isa = XCBuildConfiguration;
			buildSettings = {
				ASSETCATALOG_COMPILER_APPICON_NAME = AppIcon;
				CLANG_CXX_LANGUAGE_STANDARD = "c++17";
				CLANG_CXX_LIBRARY = "libc++";
				CLANG_LINK_OBJC_RUNTIME = NO;
				COMBINE_HIDPI_IMAGES = YES;
				CONFIGURATION_BUILD_DIR = "$(PROJECT_DIR)/build/$(CONFIGURATION)";
				COPY_PHASE_STRIP = NO;
				GCC_DYNAMIC_NO_PIC = NO;
				GCC_OPTIMIZATION_LEVEL = 0;
				GCC_PREPROCESSOR_DEFINITIONS = (
					"_DEBUG=1",
					"DEBUG=1",
					"JUCE_CONTENT_SHARING=1",
					"JUCE_PROJUCER_VERSION=0x80008",
					"JUCE_MODULE_AVAILABLE_juce_audio_basics=1",
					"JUCE_MODULE_AVAILABLE_juce_audio_devices=1",
					"JUCE_MODULE_AVAILABLE_juce_audio_formats=1",
					"JUCE_MODULE_AVAILABLE_juce_audio_processors=1",
					"JUCE_MODULE_AVAILABLE_juce_audio_utils=1",
					"JUCE_MODULE_AVAILABLE_juce_core=1",
					"JUCE_MODULE_AVAILABLE_juce_data_structures=1",
					"JUCE_MODULE_AVAILABLE_juce_events=1",
					"JUCE_MODULE_AVAILABLE_juce_graphics=1",
					"JUCE_MODULE_AVAILABLE_juce_gui_basics=1",
					"JUCE_MODULE_AVAILABLE_juce_gui_extra=1",
					"JUCE_GLOBAL_MODULE_SETTINGS_INCLUDED=1",
					"JUCE_STRICT_REFCOUNTEDPOINTER=1",
					"JucePlugin_Build_VST=0",
					"JucePlugin_Build_VST3=0",
					"JucePlugin_Build_AU=0",
					"JucePlugin_Build_AUv3=0",
					"JucePlugin_Build_AAX=0",
					"JucePlugin_Build_Standalone=0",
					"JucePlugin_Build_Unity=0",
					"JucePlugin_Build_LV2=0",
					"JucePlugin_Enable_IAA=0",
					"JucePlugin_Enable_ARA=0",
					"JucePlugin_Name=\\\"pointilistictextures\\\"",
					"JucePlugin_Desc=\\\"pointilistictextures\\\"",
					"JucePlugin_Manufacturer=\\\"yourcompany\\\"",
					"JucePlugin_ManufacturerWebsite=\\\"www.yourcompany.com\\\"",
					"JucePlugin_ManufacturerEmail=\\\"\\\"",
					"JucePlugin_ManufacturerCode=0x4d616e75",
					"JucePlugin_PluginCode=0x506e7478",
					"JucePlugin_IsSynth=1",
					"JucePlugin_WantsMidiInput=1",
					"JucePlugin_ProducesMidiOutput=0",
					"JucePlugin_IsMidiEffect=0",
					"JucePlugin_EditorRequiresKeyboardFocus=0",
					"JucePlugin_Version=1.0.0",
					"JucePlugin_VersionCode=0x10000",
					"JucePlugin_VersionString=\\\"1.0.0\\\"",
					"JucePlugin_VSTUniqueID=JucePlugin_PluginCode",
					"JucePlugin_VSTCategory=kPlugCategSynth",
					"JucePlugin_Vst3Category=\\\"Instrument|Synth\\\"",
					"JucePlugin_AUMainType=\\'augn\\'",
					"JucePlugin_AUSubType=JucePlugin_PluginCode",
					"JucePlugin_AUExportPrefix=pointilistictexturesAU",
					"JucePlugin_AUExportPrefixQuoted=\\\"pointilistictexturesAU\\\"",
					"JucePlugin_AUManufacturerCode=JucePlugin_ManufacturerCode",
					"JucePlugin_CFBundleIdentifier=com.yourcompany.pointilistictextures",
					"JucePlugin_AAXIdentifier=com.harringheavyindustry.pointilistictextures",
					"JucePlugin_AAXManufacturerCode=JucePlugin_ManufacturerCode",
					"JucePlugin_AAXProductId=JucePlugin_PluginCode",
					"JucePlugin_AAXCategory=2048",
					"JucePlugin_AAXDisableBypass=0",
					"JucePlugin_AAXDisableMultiMono=0",
					"JucePlugin_IAAType=0x61757269",
					"JucePlugin_IAASubType=JucePlugin_PluginCode",
					"JucePlugin_IAAName=\\\"yourcompany:\\ pointilistictextures\\\"",
					"JucePlugin_VSTNumMidiInputs=16",
					"JucePlugin_VSTNumMidiOutputs=16",
					"JucePlugin_ARAContentTypes=0",
					"JucePlugin_ARATransformationFlags=0",
					"JucePlugin_ARAFactoryID=\\\"com.yourcompany.pointilistictextures.factory\\\"",
					"JucePlugin_ARADocumentArchiveID=\\\"com.yourcompany.pointilistictextures.aradocumentarchive.1.0.0\\\"",
					"JucePlugin_ARACompatibleArchiveIDs=\\\"\\\"",
					"JUCE_STANDALONE_APPLICATION=JucePlugin_Build_Standalone",
					"JUCER_XCODE_IPHONE_5BC26AE3=1",
					"JUCE_APP_VERSION=1.0.0",
					"JUCE_APP_VERSION_HEX=0x10000",
				);
				GCC_VERSION = com.apple.compilers.llvm.clang.1_0;
				HEADER_SEARCH_PATHS = (
					"$(SRCROOT)/../../JuceLibraryCode",
					"$(SRCROOT)/../../../../../../JUCE/modules",
					"$(inherited)",
				);
				MTL_HEADER_SEARCH_PATHS = "$(SRCROOT)/../../JuceLibraryCode $(SRCROOT)/../../../../../../JUCE/modules";
				OTHER_LDFLAGS = "-lpointilistictextures";
				PRODUCT_BUNDLE_IDENTIFIER = com.yourcompany.pointilistictextures;
				PRODUCT_NAME = "pointilistictextures";
				USE_HEADERMAP = NO;
			};
			name = Debug;
		};
		F9171ACF2963F68A492568F9 /* Debug */ = {
			isa = XCBuildConfiguration;
			buildSettings = {
				ASSETCATALOG_COMPILER_APPICON_NAME = AppIcon;
				CLANG_CXX_LANGUAGE_STANDARD = "c++17";
				CLANG_CXX_LIBRARY = "libc++";
				CLANG_LINK_OBJC_RUNTIME = NO;
				COMBINE_HIDPI_IMAGES = YES;
				CONFIGURATION_BUILD_DIR = "$(PROJECT_DIR)/build/$(CONFIGURATION)";
				COPY_PHASE_STRIP = NO;
				GCC_DYNAMIC_NO_PIC = NO;
				GCC_OPTIMIZATION_LEVEL = 0;
				GCC_PREPROCESSOR_DEFINITIONS = (
					"_DEBUG=1",
					"DEBUG=1",
					"JUCE_CONTENT_SHARING=1",
					"JUCE_PROJUCER_VERSION=0x80008",
					"JUCE_MODULE_AVAILABLE_juce_audio_basics=1",
					"JUCE_MODULE_AVAILABLE_juce_audio_devices=1",
					"JUCE_MODULE_AVAILABLE_juce_audio_formats=1",
					"JUCE_MODULE_AVAILABLE_juce_audio_processors=1",
					"JUCE_MODULE_AVAILABLE_juce_audio_utils=1",
					"JUCE_MODULE_AVAILABLE_juce_core=1",
					"JUCE_MODULE_AVAILABLE_juce_data_structures=1",
					"JUCE_MODULE_AVAILABLE_juce_events=1",
					"JUCE_MODULE_AVAILABLE_juce_graphics=1",
					"JUCE_MODULE_AVAILABLE_juce_gui_basics=1",
					"JUCE_MODULE_AVAILABLE_juce_gui_extra=1",
					"JUCE_GLOBAL_MODULE_SETTINGS_INCLUDED=1",
					"JUCE_STRICT_REFCOUNTEDPOINTER=1",
					"JucePlugin_Build_VST=0",
					"JucePlugin_Build_VST3=0",
					"JucePlugin_Build_AU=0",
					"JucePlugin_Build_AUv3=1",
					"JucePlugin_Build_AAX=0",
					"JucePlugin_Build_Standalone=0",
					"JucePlugin_Build_Unity=0",
					"JucePlugin_Build_LV2=0",
					"JucePlugin_Enable_IAA=0",
					"JucePlugin_Enable_ARA=0",
					"JucePlugin_Name=\\\"pointilistictextures\\\"",
					"JucePlugin_Desc=\\\"pointilistictextures\\\"",
					"JucePlugin_Manufacturer=\\\"yourcompany\\\"",
					"JucePlugin_ManufacturerWebsite=\\\"www.yourcompany.com\\\"",
					"JucePlugin_ManufacturerEmail=\\\"\\\"",
					"JucePlugin_ManufacturerCode=0x4d616e75",
					"JucePlugin_PluginCode=0x506e7478",
					"JucePlugin_IsSynth=1",
					"JucePlugin_WantsMidiInput=1",
					"JucePlugin_ProducesMidiOutput=0",
					"JucePlugin_IsMidiEffect=0",
					"JucePlugin_EditorRequiresKeyboardFocus=0",
					"JucePlugin_Version=1.0.0",
					"JucePlugin_VersionCode=0x10000",
					"JucePlugin_VersionString=\\\"1.0.0\\\"",
					"JucePlugin_VSTUniqueID=JucePlugin_PluginCode",
					"JucePlugin_VSTCategory=kPlugCategSynth",
					"JucePlugin_Vst3Category=\\\"Instrument|Synth\\\"",
					"JucePlugin_AUMainType=\\'augn\\'",
					"JucePlugin_AUSubType=JucePlugin_PluginCode",
					"JucePlugin_AUExportPrefix=pointilistictexturesAU",
					"JucePlugin_AUExportPrefixQuoted=\\\"pointilistictexturesAU\\\"",
					"JucePlugin_AUManufacturerCode=JucePlugin_ManufacturerCode",
					"JucePlugin_CFBundleIdentifier=com.yourcompany.pointilistictextures",
					"JucePlugin_AAXIdentifier=com.harringheavyindustry.pointilistictextures",
					"JucePlugin_AAXManufacturerCode=JucePlugin_ManufacturerCode",
					"JucePlugin_AAXProductId=JucePlugin_PluginCode",
					"JucePlugin_AAXCategory=2048",
					"JucePlugin_AAXDisableBypass=0",
					"JucePlugin_AAXDisableMultiMono=0",
					"JucePlugin_IAAType=0x61757269",
					"JucePlugin_IAASubType=JucePlugin_PluginCode",
					"JucePlugin_IAAName=\\\"yourcompany:\\ pointilistictextures\\\"",
					"JucePlugin_VSTNumMidiInputs=16",
					"JucePlugin_VSTNumMidiOutputs=16",
					"JucePlugin_ARAContentTypes=0",
					"JucePlugin_ARATransformationFlags=0",
					"JucePlugin_ARAFactoryID=\\\"com.yourcompany.pointilistictextures.factory\\\"",
					"JucePlugin_ARADocumentArchiveID=\\\"com.yourcompany.pointilistictextures.aradocumentarchive.1.0.0\\\"",
					"JucePlugin_ARACompatibleArchiveIDs=\\\"\\\"",
					"JUCE_STANDALONE_APPLICATION=JucePlugin_Build_Standalone",
					"JUCER_XCODE_IPHONE_5BC26AE3=1",
					"JUCE_APP_VERSION=1.0.0",
					"JUCE_APP_VERSION_HEX=0x10000",
					"JUCE_SHARED_CODE=1",
				);
				GCC_VERSION = com.apple.compilers.llvm.clang.1_0;
				HEADER_SEARCH_PATHS = (
					"$(SRCROOT)/../../JuceLibraryCode",
					"$(SRCROOT)/../../../../../../JUCE/modules",
					"$(inherited)",
				);
				INSTALL_PATH = "@executable_path/Frameworks";
				MTL_HEADER_SEARCH_PATHS = "$(SRCROOT)/../../JuceLibraryCode $(SRCROOT)/../../../../../../JUCE/modules";
				PRODUCT_BUNDLE_IDENTIFIER = com.yourcompany.pointilistictextures;
				PRODUCT_NAME = "pointilistictextures";
				SKIP_INSTALL = YES;
				USE_HEADERMAP = NO;
			};
			name = Debug;
		};
/* End XCBuildConfiguration section */

/* Begin XCConfigurationList section */
		84A9A701987196754B28F644 = {
			isa = XCConfigurationList;
			buildConfigurations = (
				F9171ACF2963F68A492568F9,
				85BBDD2C244CCB93DEB97E7D,
			);
			defaultConfigurationIsVisible = 0;
			defaultConfigurationName = Debug;
		};
		C0AFFD5A4BBBFF901B36810E = {
			isa = XCConfigurationList;
			buildConfigurations = (
				62A2846C259D6A7DF313AD03,
				01FB0F1A201C880D60256218,
			);
			defaultConfigurationIsVisible = 0;
			defaultConfigurationName = Debug;
		};
		D0AE2EBC8A855824A6F86198 = {
			isa = XCConfigurationList;
			buildConfigurations = (
				18E27A390231ED71CB830CEE,
				B82066D759C66270BF0BAE72,
			);
			defaultConfigurationIsVisible = 0;
			defaultConfigurationName = Debug;
		};
		FE89C4FC6DC569D0AD96EF05 = {
			isa = XCConfigurationList;
			buildConfigurations = (
				D8ED55D0E7C6D20E74F93E2F,
				3E1832F5F31D91E01843BAC6,
			);
			defaultConfigurationIsVisible = 0;
			defaultConfigurationName = Debug;
		};
/* End XCConfigurationList section */
	};
	rootObject = 5579475CBEB94D97937381EF /* Project object */;
}
